
Microsoft Visual Studio Solution File, Format Version 12.00
# Visual Studio Version 16
VisualStudioVersion = 16.0.31424.327
MinimumVisualStudioVersion = 10.0.40219.1
Project("{FAE04EC0-301F-11D3-BF4B-00C04F79EFBC}") = "EvolviceSirmaTask", "EvolviceSirmaTask\EvolviceSirmaTask.csproj", "{70898617-2BB8-4DFF-911C-93980EAB5477}"
EndProject
Global
	GlobalSection(SolutionConfigurationPlatforms) = preSolution
		Debug|Any CPU = Debug|Any CPU
		Release|Any CPU = Release|Any CPU
	EndGlobalSection
	GlobalSection(ProjectConfigurationPlatforms) = postSolution
		{70898617-2BB8-4DFF-911C-93980EAB5477}.Debug|Any CPU.ActiveCfg = Debug|Any CPU
		{70898617-2BB8-4DFF-911C-93980EAB5477}.Debug|Any CPU.Build.0 = Debug|Any CPU
		{70898617-2BB8-4DFF-911C-93980EAB5477}.Release|Any CPU.ActiveCfg = Release|Any CPU
		{70898617-2BB8-4DFF-911C-93980EAB5477}.Release|Any CPU.Build.0 = Release|Any CPU
	EndGlobalSection
	GlobalSection(SolutionProperties) = preSolution
		HideSolutionNode = FALSE
	EndGlobalSection
	GlobalSection(ExtensibilityGlobals) = postSolution
		SolutionGuid = {F99C921B-EE6F-4FD5-95E6-CA3B9E1E94F0}
	EndGlobalSection
EndGlobal
